
Microsoft Visual Studio Solution File, Format Version 12.00
# Visual Studio Version 17
VisualStudioVersion = 17.9.34622.214
MinimumVisualStudioVersion = 10.0.40219.1
Project("{FAE04EC0-301F-11D3-BF4B-00C04F79EFBC}") = "ksksk", "ksksk.csproj", "{02DBC815-A16F-40B9-AED1-3C5DE514F5A6}"
EndProject
Global
	GlobalSection(SolutionConfigurationPlatforms) = preSolution
		Debug|Any CPU = Debug|Any CPU
		Release|Any CPU = Release|Any CPU
	EndGlobalSection
	GlobalSection(ProjectConfigurationPlatforms) = postSolution
		{02DBC815-A16F-40B9-AED1-3C5DE514F5A6}.Debug|Any CPU.ActiveCfg = Debug|Any CPU
		{02DBC815-A16F-40B9-AED1-3C5DE514F5A6}.Debug|Any CPU.Build.0 = Debug|Any CPU
		{02DBC815-A16F-40B9-AED1-3C5DE514F5A6}.Release|Any CPU.ActiveCfg = Release|Any CPU
		{02DBC815-A16F-40B9-AED1-3C5DE514F5A6}.Release|Any CPU.Build.0 = Release|Any CPU
	EndGlobalSection
	GlobalSection(SolutionProperties) = preSolution
		HideSolutionNode = FALSE
	EndGlobalSection
	GlobalSection(ExtensibilityGlobals) = postSolution
		SolutionGuid = {ED5158A6-BAFF-4D58-9FF3-70DB56DC4F87}
	EndGlobalSection
EndGlobal
